
Microsoft Visual Studio Solution File, Format Version 12.00
# Visual Studio 15
VisualStudioVersion = 15.0.26730.3
MinimumVisualStudioVersion = 10.0.40219.1
Project("{FAE04EC0-301F-11D3-BF4B-00C04F79EFBC}") = "FunctionApp", "FunctionApp\FunctionApp.csproj", "{C423958F-F24A-4AA7-B127-16519846A29F}"
EndProject
Project("{FAE04EC0-301F-11D3-BF4B-00C04F79EFBC}") = "ClassLibrary", "ClassLibrary\ClassLibrary.csproj", "{F8669106-0E65-4862-A84D-868627E3BC36}"
EndProject
Global
	GlobalSection(SolutionConfigurationPlatforms) = preSolution
		Debug|Any CPU = Debug|Any CPU
		Release|Any CPU = Release|Any CPU
	EndGlobalSection
	GlobalSection(ProjectConfigurationPlatforms) = postSolution
		{C423958F-F24A-4AA7-B127-16519846A29F}.Debug|Any CPU.ActiveCfg = Debug|Any CPU
		{C423958F-F24A-4AA7-B127-16519846A29F}.Debug|Any CPU.Build.0 = Debug|Any CPU
		{C423958F-F24A-4AA7-B127-16519846A29F}.Release|Any CPU.ActiveCfg = Release|Any CPU
		{C423958F-F24A-4AA7-B127-16519846A29F}.Release|Any CPU.Build.0 = Release|Any CPU
		{F8669106-0E65-4862-A84D-868627E3BC36}.Debug|Any CPU.ActiveCfg = Debug|Any CPU
		{F8669106-0E65-4862-A84D-868627E3BC36}.Debug|Any CPU.Build.0 = Debug|Any CPU
		{F8669106-0E65-4862-A84D-868627E3BC36}.Release|Any CPU.ActiveCfg = Release|Any CPU
		{F8669106-0E65-4862-A84D-868627E3BC36}.Release|Any CPU.Build.0 = Release|Any CPU
	EndGlobalSection
	GlobalSection(SolutionProperties) = preSolution
		HideSolutionNode = FALSE
	EndGlobalSection
	GlobalSection(ExtensibilityGlobals) = postSolution
		SolutionGuid = {0387E2BA-06CE-4987-81B4-00A3F2C48EE7}
	EndGlobalSection
EndGlobal
